
Microsoft Visual Studio Solution File, Format Version 12.00
# Visual Studio 14
VisualStudioVersion = 14.0.25420.1
MinimumVisualStudioVersion = 10.0.40219.1
Project("{FAE04EC0-301F-11D3-BF4B-00C04F79EFBC}") = "appTest", "appTest.csproj", "{C48092D6-8DDC-4F26-BB15-B560A8AE894A}"
EndProject
Project("{FAE04EC0-301F-11D3-BF4B-00C04F79EFBC}") = "monGsilTennisLibrary", "..\monGsilTennisLibrary\monGsilTennisLibrary.csproj", "{8929EE80-A55E-4267-8082-C93CAF0B04A9}"
EndProject
Project("{54435603-DBB4-11D2-8724-00A0C9A8B90C}") = "MongSilApp", "..\MongSilApp\MongSilApp.vdproj", "{CA6522EF-79CE-4767-B37D-B63238E82240}"
EndProject
Global
	GlobalSection(SolutionConfigurationPlatforms) = preSolution
		Debug|Any CPU = Debug|Any CPU
		Release|Any CPU = Release|Any CPU
	EndGlobalSection
	GlobalSection(ProjectConfigurationPlatforms) = postSolution
		{C48092D6-8DDC-4F26-BB15-B560A8AE894A}.Debug|Any CPU.ActiveCfg = Debug|Any CPU
		{C48092D6-8DDC-4F26-BB15-B560A8AE894A}.Debug|Any CPU.Build.0 = Debug|Any CPU
		{C48092D6-8DDC-4F26-BB15-B560A8AE894A}.Release|Any CPU.ActiveCfg = Release|Any CPU
		{C48092D6-8DDC-4F26-BB15-B560A8AE894A}.Release|Any CPU.Build.0 = Release|Any CPU
		{8929EE80-A55E-4267-8082-C93CAF0B04A9}.Debug|Any CPU.ActiveCfg = Debug|Any CPU
		{8929EE80-A55E-4267-8082-C93CAF0B04A9}.Debug|Any CPU.Build.0 = Debug|Any CPU
		{8929EE80-A55E-4267-8082-C93CAF0B04A9}.Release|Any CPU.ActiveCfg = Release|Any CPU
		{8929EE80-A55E-4267-8082-C93CAF0B04A9}.Release|Any CPU.Build.0 = Release|Any CPU
		{CA6522EF-79CE-4767-B37D-B63238E82240}.Debug|Any CPU.ActiveCfg = Debug
		{CA6522EF-79CE-4767-B37D-B63238E82240}.Release|Any CPU.ActiveCfg = Release
	EndGlobalSection
	GlobalSection(SolutionProperties) = preSolution
		HideSolutionNode = FALSE
	EndGlobalSection
EndGlobal
